
Microsoft Visual Studio Solution File, Format Version 12.00
# Visual Studio 2012
Project("{FAE04EC0-301F-11D3-BF4B-00C04F79EFBC}") = "lookback", "lookback\lookback.csproj", "{56F8F6A3-027A-4AA3-ABD0-A775476465BD}"
EndProject
Global
	GlobalSection(SolutionConfigurationPlatforms) = preSolution
		Debug|Any CPU = Debug|Any CPU
		Release|Any CPU = Release|Any CPU
	EndGlobalSection
	GlobalSection(ProjectConfigurationPlatforms) = postSolution
		{56F8F6A3-027A-4AA3-ABD0-A775476465BD}.Debug|Any CPU.ActiveCfg = Debug|Any CPU
		{56F8F6A3-027A-4AA3-ABD0-A775476465BD}.Debug|Any CPU.Build.0 = Debug|Any CPU
		{56F8F6A3-027A-4AA3-ABD0-A775476465BD}.Release|Any CPU.ActiveCfg = Release|Any CPU
		{56F8F6A3-027A-4AA3-ABD0-A775476465BD}.Release|Any CPU.Build.0 = Release|Any CPU
	EndGlobalSection
	GlobalSection(SolutionProperties) = preSolution
		HideSolutionNode = FALSE
	EndGlobalSection
EndGlobal
